
Microsoft Visual Studio Solution File, Format Version 10.00
# Visual Studio 2008
Project("{8BC9CEB8-8B4A-11D0-8D11-00A0C91BC942}") = "IncludeStudy", "IncludeStudy\IncludeStudy.vcproj", "{C10B76F1-1938-4AFC-ACE0-6CF69D392EC2}"
EndProject
Project("{8BC9CEB8-8B4A-11D0-8D11-00A0C91BC942}") = "GtestStudy", "GtestStudy\GtestStudy.vcproj", "{D471D358-D0A1-48FC-A618-4A4AAC1A1741}"
EndProject
Project("{8BC9CEB8-8B4A-11D0-8D11-00A0C91BC942}") = "MFCStudy", "MFCStudy\MFCStudy.vcproj", "{E256F502-F8F2-4E8D-AA21-809BA7CF3503}"
EndProject
Global
	GlobalSection(SolutionConfigurationPlatforms) = preSolution
		Debug|Win32 = Debug|Win32
		Release|Win32 = Release|Win32
	EndGlobalSection
	GlobalSection(ProjectConfigurationPlatforms) = postSolution
		{C10B76F1-1938-4AFC-ACE0-6CF69D392EC2}.Debug|Win32.ActiveCfg = Debug|Win32
		{C10B76F1-1938-4AFC-ACE0-6CF69D392EC2}.Debug|Win32.Build.0 = Debug|Win32
		{C10B76F1-1938-4AFC-ACE0-6CF69D392EC2}.Release|Win32.ActiveCfg = Release|Win32
		{C10B76F1-1938-4AFC-ACE0-6CF69D392EC2}.Release|Win32.Build.0 = Release|Win32
		{D471D358-D0A1-48FC-A618-4A4AAC1A1741}.Debug|Win32.ActiveCfg = Debug|Win32
		{D471D358-D0A1-48FC-A618-4A4AAC1A1741}.Debug|Win32.Build.0 = Debug|Win32
		{D471D358-D0A1-48FC-A618-4A4AAC1A1741}.Release|Win32.ActiveCfg = Release|Win32
		{D471D358-D0A1-48FC-A618-4A4AAC1A1741}.Release|Win32.Build.0 = Release|Win32
		{E256F502-F8F2-4E8D-AA21-809BA7CF3503}.Debug|Win32.ActiveCfg = Debug|Win32
		{E256F502-F8F2-4E8D-AA21-809BA7CF3503}.Debug|Win32.Build.0 = Debug|Win32
		{E256F502-F8F2-4E8D-AA21-809BA7CF3503}.Release|Win32.ActiveCfg = Release|Win32
		{E256F502-F8F2-4E8D-AA21-809BA7CF3503}.Release|Win32.Build.0 = Release|Win32
	EndGlobalSection
	GlobalSection(SolutionProperties) = preSolution
		HideSolutionNode = FALSE
	EndGlobalSection
EndGlobal
