
Microsoft Visual Studio Solution File, Format Version 10.00
# Visual Studio 2008
Project("{FAE04EC0-301F-11D3-BF4B-00C04F79EFBC}") = "WindowsFormsApplication1", "WindowsFormsApplication1\WindowsFormsApplication1.csproj", "{3A496C40-B8F1-4042-AC08-4A37F97027B1}"
EndProject
Global
	GlobalSection(SolutionConfigurationPlatforms) = preSolution
		Debug|Any CPU = Debug|Any CPU
		Release|Any CPU = Release|Any CPU
	EndGlobalSection
	GlobalSection(ProjectConfigurationPlatforms) = postSolution
		{3A496C40-B8F1-4042-AC08-4A37F97027B1}.Debug|Any CPU.ActiveCfg = Debug|Any CPU
		{3A496C40-B8F1-4042-AC08-4A37F97027B1}.Debug|Any CPU.Build.0 = Debug|Any CPU
		{3A496C40-B8F1-4042-AC08-4A37F97027B1}.Release|Any CPU.ActiveCfg = Release|Any CPU
		{3A496C40-B8F1-4042-AC08-4A37F97027B1}.Release|Any CPU.Build.0 = Release|Any CPU
	EndGlobalSection
	GlobalSection(SolutionProperties) = preSolution
		HideSolutionNode = FALSE
	EndGlobalSection
EndGlobal
